{
  "object": {
    "pins": [
      {
        "package": "SDCAlertView",
        "repositoryURL": "https://github.com/sberrevoets/SDCAlertView",
        "state": {
          "branch": null,
          "revision": "925de6f34fc0c3d35264d16c056e43058d179b74",
          "version": "12.0.2"
        }
      },
      {
        "package": "SDWebImage",
        "repositoryURL": "https://github.com/SDWebImage/SDWebImage",
        "state": {
          "branch": "master",
          "revision": "2c53f531f1bedd253f55d85105409c28ed4a922c",
          "version": null
        }
      },
      {
        "package": "SnapKit",
        "repositoryURL": "https://github.com/SnapKit/SnapKit",
        "state": {
          "branch": null,
          "revision": "d458564516e5676af9c70b4f4b2a9178294f1bc6",
          "version": "5.0.1"
        }
      }
    ]
  },
  "version": 1
}
