// !$*UTF8*$!
{
	archiveVersion = 1;
	classes = {
	};
	objectVersion = 55;
	objects = {

/* Begin PBXBuildFile section */
		3741BE2027AD336A00200BF9 /* AppDelegate.swift in Sources */ = {isa = PBXBuildFile; fileRef = 3741BE1F27AD336A00200BF9 /* AppDelegate.swift */; };
		3741BE2227AD336A00200BF9 /* SceneDelegate.swift in Sources */ = {isa = PBXBuildFile; fileRef = 3741BE2127AD336A00200BF9 /* SceneDelegate.swift */; };
		3741BE2427AD336A00200BF9 /* SearchViewController.swift in Sources */ = {isa = PBXBuildFile; fileRef = 3741BE2327AD336A00200BF9 /* SearchViewController.swift */; };
		3741BE2927AD336B00200BF9 /* Assets.xcassets in Resources */ = {isa = PBXBuildFile; fileRef = 3741BE2827AD336B00200BF9 /* Assets.xcassets */; };
		3741BE2C27AD336B00200BF9 /* LaunchScreen.storyboard in Resources */ = {isa = PBXBuildFile; fileRef = 3741BE2A27AD336B00200BF9 /* LaunchScreen.storyboard */; };
		3741BE3727AD336B00200BF9 /* GHFollowersTests.swift in Sources */ = {isa = PBXBuildFile; fileRef = 3741BE3627AD336B00200BF9 /* GHFollowersTests.swift */; };
		3741BE4127AD336B00200BF9 /* GHFollowersUITests.swift in Sources */ = {isa = PBXBuildFile; fileRef = 3741BE4027AD336B00200BF9 /* GHFollowersUITests.swift */; };
		3741BE4327AD336B00200BF9 /* GHFollowersUITestsLaunchTests.swift in Sources */ = {isa = PBXBuildFile; fileRef = 3741BE4227AD336B00200BF9 /* GHFollowersUITestsLaunchTests.swift */; };
		37F86E3227B1107600E8A0CD /* StringExtension.swift in Sources */ = {isa = PBXBuildFile; fileRef = 37F86E3127B1107600E8A0CD /* StringExtension.swift */; };
		37F86E3627B110E600E8A0CD /* Localizable.strings in Resources */ = {isa = PBXBuildFile; fileRef = 37F86E3827B110E600E8A0CD /* Localizable.strings */; };
		37F86E3A27B1128300E8A0CD /* Button.swift in Sources */ = {isa = PBXBuildFile; fileRef = 37F86E3927B1128300E8A0CD /* Button.swift */; };
		37F86E3C27B12F0E00E8A0CD /* ColorExtension.swift in Sources */ = {isa = PBXBuildFile; fileRef = 37F86E3B27B12F0E00E8A0CD /* ColorExtension.swift */; };
		37F86E4027B14F5000E8A0CD /* Textfield.swift in Sources */ = {isa = PBXBuildFile; fileRef = 37F86E3F27B14F5000E8A0CD /* Textfield.swift */; };
		37F86E4327B1512700E8A0CD /* Colors.swift in Sources */ = {isa = PBXBuildFile; fileRef = 37F86E4227B1512700E8A0CD /* Colors.swift */; };
		37F86E4527B1645500E8A0CD /* TabbarController.swift in Sources */ = {isa = PBXBuildFile; fileRef = 37F86E4427B1645500E8A0CD /* TabbarController.swift */; };
		37F86E4727B164CB00E8A0CD /* FavoritesViewController.swift in Sources */ = {isa = PBXBuildFile; fileRef = 37F86E4627B164CB00E8A0CD /* FavoritesViewController.swift */; };
		37F86E4927B1670F00E8A0CD /* NavigationController.swift in Sources */ = {isa = PBXBuildFile; fileRef = 37F86E4827B1670F00E8A0CD /* NavigationController.swift */; };
		37F86E4B27B16E2200E8A0CD /* ViewController+Ext.swift in Sources */ = {isa = PBXBuildFile; fileRef = 37F86E4A27B16E2200E8A0CD /* ViewController+Ext.swift */; };
/* End PBXBuildFile section */

/* Begin PBXContainerItemProxy section */
		3741BE3327AD336B00200BF9 /* PBXContainerItemProxy */ = {
			isa = PBXContainerItemProxy;
			containerPortal = 3741BE1427AD336A00200BF9 /* Project object */;
			proxyType = 1;
			remoteGlobalIDString = 3741BE1B27AD336A00200BF9;
			remoteInfo = GHFollowers;
		};
		3741BE3D27AD336B00200BF9 /* PBXContainerItemProxy */ = {
			isa = PBXContainerItemProxy;
			containerPortal = 3741BE1427AD336A00200BF9 /* Project object */;
			proxyType = 1;
			remoteGlobalIDString = 3741BE1B27AD336A00200BF9;
			remoteInfo = GHFollowers;
		};
/* End PBXContainerItemProxy section */

/* Begin PBXFileReference section */
		3741BE1C27AD336A00200BF9 /* GHFollowers.app */ = {isa = PBXFileReference; explicitFileType = wrapper.application; includeInIndex = 0; path = GHFollowers.app; sourceTree = BUILT_PRODUCTS_DIR; };
		3741BE1F27AD336A00200BF9 /* AppDelegate.swift */ = {isa = PBXFileReference; lastKnownFileType = sourcecode.swift; path = AppDelegate.swift; sourceTree = "<group>"; };
		3741BE2127AD336A00200BF9 /* SceneDelegate.swift */ = {isa = PBXFileReference; lastKnownFileType = sourcecode.swift; path = SceneDelegate.swift; sourceTree = "<group>"; };
		3741BE2327AD336A00200BF9 /* SearchViewController.swift */ = {isa = PBXFileReference; lastKnownFileType = sourcecode.swift; path = SearchViewController.swift; sourceTree = "<group>"; };
		3741BE2827AD336B00200BF9 /* Assets.xcassets */ = {isa = PBXFileReference; lastKnownFileType = folder.assetcatalog; path = Assets.xcassets; sourceTree = "<group>"; };
		3741BE2B27AD336B00200BF9 /* Base */ = {isa = PBXFileReference; lastKnownFileType = file.storyboard; name = Base; path = Base.lproj/LaunchScreen.storyboard; sourceTree = "<group>"; };
		3741BE2D27AD336B00200BF9 /* Info.plist */ = {isa = PBXFileReference; lastKnownFileType = text.plist.xml; path = Info.plist; sourceTree = "<group>"; };
		3741BE3227AD336B00200BF9 /* GHFollowersTests.xctest */ = {isa = PBXFileReference; explicitFileType = wrapper.cfbundle; includeInIndex = 0; path = GHFollowersTests.xctest; sourceTree = BUILT_PRODUCTS_DIR; };
		3741BE3627AD336B00200BF9 /* GHFollowersTests.swift */ = {isa = PBXFileReference; lastKnownFileType = sourcecode.swift; path = GHFollowersTests.swift; sourceTree = "<group>"; };
		3741BE3C27AD336B00200BF9 /* GHFollowersUITests.xctest */ = {isa = PBXFileReference; explicitFileType = wrapper.cfbundle; includeInIndex = 0; path = GHFollowersUITests.xctest; sourceTree = BUILT_PRODUCTS_DIR; };
		3741BE4027AD336B00200BF9 /* GHFollowersUITests.swift */ = {isa = PBXFileReference; lastKnownFileType = sourcecode.swift; path = GHFollowersUITests.swift; sourceTree = "<group>"; };
		3741BE4227AD336B00200BF9 /* GHFollowersUITestsLaunchTests.swift */ = {isa = PBXFileReference; lastKnownFileType = sourcecode.swift; path = GHFollowersUITestsLaunchTests.swift; sourceTree = "<group>"; };
		37F86E3127B1107600E8A0CD /* StringExtension.swift */ = {isa = PBXFileReference; lastKnownFileType = sourcecode.swift; path = StringExtension.swift; sourceTree = "<group>"; };
		37F86E3727B110E600E8A0CD /* en */ = {isa = PBXFileReference; lastKnownFileType = text.plist.strings; name = en; path = en.lproj/Localizable.strings; sourceTree = "<group>"; };
		37F86E3927B1128300E8A0CD /* Button.swift */ = {isa = PBXFileReference; lastKnownFileType = sourcecode.swift; path = Button.swift; sourceTree = "<group>"; };
		37F86E3B27B12F0E00E8A0CD /* ColorExtension.swift */ = {isa = PBXFileReference; lastKnownFileType = sourcecode.swift; path = ColorExtension.swift; sourceTree = "<group>"; };
		37F86E3F27B14F5000E8A0CD /* Textfield.swift */ = {isa = PBXFileReference; lastKnownFileType = sourcecode.swift; path = Textfield.swift; sourceTree = "<group>"; };
		37F86E4227B1512700E8A0CD /* Colors.swift */ = {isa = PBXFileReference; lastKnownFileType = sourcecode.swift; path = Colors.swift; sourceTree = "<group>"; };
		37F86E4427B1645500E8A0CD /* TabbarController.swift */ = {isa = PBXFileReference; lastKnownFileType = sourcecode.swift; path = TabbarController.swift; sourceTree = "<group>"; };
		37F86E4627B164CB00E8A0CD /* FavoritesViewController.swift */ = {isa = PBXFileReference; lastKnownFileType = sourcecode.swift; path = FavoritesViewController.swift; sourceTree = "<group>"; };
		37F86E4827B1670F00E8A0CD /* NavigationController.swift */ = {isa = PBXFileReference; lastKnownFileType = sourcecode.swift; path = NavigationController.swift; sourceTree = "<group>"; };
		37F86E4A27B16E2200E8A0CD /* ViewController+Ext.swift */ = {isa = PBXFileReference; lastKnownFileType = sourcecode.swift; path = "ViewController+Ext.swift"; sourceTree = "<group>"; };
/* End PBXFileReference section */

/* Begin PBXFrameworksBuildPhase section */
		3741BE1927AD336A00200BF9 /* Frameworks */ = {
			isa = PBXFrameworksBuildPhase;
			buildActionMask = 2147483647;
			files = (
			);
			runOnlyForDeploymentPostprocessing = 0;
		};
		3741BE2F27AD336B00200BF9 /* Frameworks */ = {
			isa = PBXFrameworksBuildPhase;
			buildActionMask = 2147483647;
			files = (
			);
			runOnlyForDeploymentPostprocessing = 0;
		};
		3741BE3927AD336B00200BF9 /* Frameworks */ = {
			isa = PBXFrameworksBuildPhase;
			buildActionMask = 2147483647;
			files = (
			);
			runOnlyForDeploymentPostprocessing = 0;
		};
/* End PBXFrameworksBuildPhase section */

/* Begin PBXGroup section */
		3741BE1327AD336A00200BF9 = {
			isa = PBXGroup;
			children = (
				3741BE1E27AD336A00200BF9 /* GHFollowers */,
				3741BE3527AD336B00200BF9 /* GHFollowersTests */,
				3741BE3F27AD336B00200BF9 /* GHFollowersUITests */,
				3741BE1D27AD336A00200BF9 /* Products */,
			);
			sourceTree = "<group>";
		};
		3741BE1D27AD336A00200BF9 /* Products */ = {
			isa = PBXGroup;
			children = (
				3741BE1C27AD336A00200BF9 /* GHFollowers.app */,
				3741BE3227AD336B00200BF9 /* GHFollowersTests.xctest */,
				3741BE3C27AD336B00200BF9 /* GHFollowersUITests.xctest */,
			);
			name = Products;
			sourceTree = "<group>";
		};
		3741BE1E27AD336A00200BF9 /* GHFollowers */ = {
			isa = PBXGroup;
			children = (
				37F86E4127B1511700E8A0CD /* Utilities */,
				37F86E2B27B10E4100E8A0CD /* Controllers */,
				37F86E3327B1109600E8A0CD /* StringLocalization */,
				37F86E3027B1106500E8A0CD /* Extensions */,
				37F86E2927B10E0800E8A0CD /* Views */,
				3741BE1F27AD336A00200BF9 /* AppDelegate.swift */,
				3741BE2127AD336A00200BF9 /* SceneDelegate.swift */,
				3741BE2827AD336B00200BF9 /* Assets.xcassets */,
				3741BE2A27AD336B00200BF9 /* LaunchScreen.storyboard */,
				3741BE2D27AD336B00200BF9 /* Info.plist */,
			);
			path = GHFollowers;
			sourceTree = "<group>";
		};
		3741BE3527AD336B00200BF9 /* GHFollowersTests */ = {
			isa = PBXGroup;
			children = (
				3741BE3627AD336B00200BF9 /* GHFollowersTests.swift */,
			);
			path = GHFollowersTests;
			sourceTree = "<group>";
		};
		3741BE3F27AD336B00200BF9 /* GHFollowersUITests */ = {
			isa = PBXGroup;
			children = (
				3741BE4027AD336B00200BF9 /* GHFollowersUITests.swift */,
				3741BE4227AD336B00200BF9 /* GHFollowersUITestsLaunchTests.swift */,
			);
			path = GHFollowersUITests;
			sourceTree = "<group>";
		};
		37F86E2927B10E0800E8A0CD /* Views */ = {
			isa = PBXGroup;
			children = (
				37F86E4427B1645500E8A0CD /* TabbarController.swift */,
				37F86E3F27B14F5000E8A0CD /* Textfield.swift */,
				37F86E3927B1128300E8A0CD /* Button.swift */,
				37F86E2A27B10E3500E8A0CD /* Cells */,
				37F86E4827B1670F00E8A0CD /* NavigationController.swift */,
			);
			path = Views;
			sourceTree = "<group>";
		};
		37F86E2A27B10E3500E8A0CD /* Cells */ = {
			isa = PBXGroup;
			children = (
			);
			path = Cells;
			sourceTree = "<group>";
		};
		37F86E2B27B10E4100E8A0CD /* Controllers */ = {
			isa = PBXGroup;
			children = (
				3741BE2327AD336A00200BF9 /* SearchViewController.swift */,
				37F86E4627B164CB00E8A0CD /* FavoritesViewController.swift */,
			);
			path = Controllers;
			sourceTree = "<group>";
		};
		37F86E3027B1106500E8A0CD /* Extensions */ = {
			isa = PBXGroup;
			children = (
				37F86E3127B1107600E8A0CD /* StringExtension.swift */,
				37F86E3B27B12F0E00E8A0CD /* ColorExtension.swift */,
				37F86E4A27B16E2200E8A0CD /* ViewController+Ext.swift */,
			);
			path = Extensions;
			sourceTree = "<group>";
		};
		37F86E3327B1109600E8A0CD /* StringLocalization */ = {
			isa = PBXGroup;
			children = (
				37F86E3827B110E600E8A0CD /* Localizable.strings */,
			);
			path = StringLocalization;
			sourceTree = "<group>";
		};
		37F86E4127B1511700E8A0CD /* Utilities */ = {
			isa = PBXGroup;
			children = (
				37F86E4227B1512700E8A0CD /* Colors.swift */,
			);
			path = Utilities;
			sourceTree = "<group>";
		};
/* End PBXGroup section */

/* Begin PBXNativeTarget section */
		3741BE1B27AD336A00200BF9 /* GHFollowers */ = {
			isa = PBXNativeTarget;
			buildConfigurationList = 3741BE4627AD336B00200BF9 /* Build configuration list for PBXNativeTarget "GHFollowers" */;
			buildPhases = (
				3741BE1827AD336A00200BF9 /* Sources */,
				3741BE1927AD336A00200BF9 /* Frameworks */,
				3741BE1A27AD336A00200BF9 /* Resources */,
			);
			buildRules = (
			);
			dependencies = (
			);
			name = GHFollowers;
			productName = GHFollowers;
			productReference = 3741BE1C27AD336A00200BF9 /* GHFollowers.app */;
			productType = "com.apple.product-type.application";
		};
		3741BE3127AD336B00200BF9 /* GHFollowersTests */ = {
			isa = PBXNativeTarget;
			buildConfigurationList = 3741BE4927AD336B00200BF9 /* Build configuration list for PBXNativeTarget "GHFollowersTests" */;
			buildPhases = (
				3741BE2E27AD336B00200BF9 /* Sources */,
				3741BE2F27AD336B00200BF9 /* Frameworks */,
				3741BE3027AD336B00200BF9 /* Resources */,
			);
			buildRules = (
			);
			dependencies = (
				3741BE3427AD336B00200BF9 /* PBXTargetDependency */,
			);
			name = GHFollowersTests;
			productName = GHFollowersTests;
			productReference = 3741BE3227AD336B00200BF9 /* GHFollowersTests.xctest */;
			productType = "com.apple.product-type.bundle.unit-test";
		};
		3741BE3B27AD336B00200BF9 /* GHFollowersUITests */ = {
			isa = PBXNativeTarget;
			buildConfigurationList = 3741BE4C27AD336B00200BF9 /* Build configuration list for PBXNativeTarget "GHFollowersUITests" */;
			buildPhases = (
				3741BE3827AD336B00200BF9 /* Sources */,
				3741BE3927AD336B00200BF9 /* Frameworks */,
				3741BE3A27AD336B00200BF9 /* Resources */,
			);
			buildRules = (
			);
			dependencies = (
				3741BE3E27AD336B00200BF9 /* PBXTargetDependency */,
			);
			name = GHFollowersUITests;
			productName = GHFollowersUITests;
			productReference = 3741BE3C27AD336B00200BF9 /* GHFollowersUITests.xctest */;
			productType = "com.apple.product-type.bundle.ui-testing";
		};
/* End PBXNativeTarget section */

/* Begin PBXProject section */
		3741BE1427AD336A00200BF9 /* Project object */ = {
			isa = PBXProject;
			attributes = {
				BuildIndependentTargetsInParallel = 1;
				LastSwiftUpdateCheck = 1320;
				LastUpgradeCheck = 1320;
				TargetAttributes = {
					3741BE1B27AD336A00200BF9 = {
						CreatedOnToolsVersion = 13.2.1;
					};
					3741BE3127AD336B00200BF9 = {
						CreatedOnToolsVersion = 13.2.1;
						TestTargetID = 3741BE1B27AD336A00200BF9;
					};
					3741BE3B27AD336B00200BF9 = {
						CreatedOnToolsVersion = 13.2.1;
						TestTargetID = 3741BE1B27AD336A00200BF9;
					};
				};
			};
			buildConfigurationList = 3741BE1727AD336A00200BF9 /* Build configuration list for PBXProject "GHFollowers" */;
			compatibilityVersion = "Xcode 13.0";
			developmentRegion = en;
			hasScannedForEncodings = 0;
			knownRegions = (
				en,
				Base,
			);
			mainGroup = 3741BE1327AD336A00200BF9;
			productRefGroup = 3741BE1D27AD336A00200BF9 /* Products */;
			projectDirPath = "";
			projectRoot = "";
			targets = (
				3741BE1B27AD336A00200BF9 /* GHFollowers */,
				3741BE3127AD336B00200BF9 /* GHFollowersTests */,
				3741BE3B27AD336B00200BF9 /* GHFollowersUITests */,
			);
		};
/* End PBXProject section */

/* Begin PBXResourcesBuildPhase section */
		3741BE1A27AD336A00200BF9 /* Resources */ = {
			isa = PBXResourcesBuildPhase;
			buildActionMask = 2147483647;
			files = (
				3741BE2C27AD336B00200BF9 /* LaunchScreen.storyboard in Resources */,
				37F86E3627B110E600E8A0CD /* Localizable.strings in Resources */,
				3741BE2927AD336B00200BF9 /* Assets.xcassets in Resources */,
			);
			runOnlyForDeploymentPostprocessing = 0;
		};
		3741BE3027AD336B00200BF9 /* Resources */ = {
			isa = PBXResourcesBuildPhase;
			buildActionMask = 2147483647;
			files = (
			);
			runOnlyForDeploymentPostprocessing = 0;
		};
		3741BE3A27AD336B00200BF9 /* Resources */ = {
			isa = PBXResourcesBuildPhase;
			buildActionMask = 2147483647;
			files = (
			);
			runOnlyForDeploymentPostprocessing = 0;
		};
/* End PBXResourcesBuildPhase section */

/* Begin PBXSourcesBuildPhase section */
		3741BE1827AD336A00200BF9 /* Sources */ = {
			isa = PBXSourcesBuildPhase;
			buildActionMask = 2147483647;
			files = (
				37F86E4927B1670F00E8A0CD /* NavigationController.swift in Sources */,
				37F86E4027B14F5000E8A0CD /* Textfield.swift in Sources */,
				37F86E4B27B16E2200E8A0CD /* ViewController+Ext.swift in Sources */,
				37F86E4327B1512700E8A0CD /* Colors.swift in Sources */,
				37F86E3A27B1128300E8A0CD /* Button.swift in Sources */,
				3741BE2427AD336A00200BF9 /* SearchViewController.swift in Sources */,
				3741BE2027AD336A00200BF9 /* AppDelegate.swift in Sources */,
				37F86E3C27B12F0E00E8A0CD /* ColorExtension.swift in Sources */,
				37F86E3227B1107600E8A0CD /* StringExtension.swift in Sources */,
				37F86E4527B1645500E8A0CD /* TabbarController.swift in Sources */,
				37F86E4727B164CB00E8A0CD /* FavoritesViewController.swift in Sources */,
				3741BE2227AD336A00200BF9 /* SceneDelegate.swift in Sources */,
			);
			runOnlyForDeploymentPostprocessing = 0;
		};
		3741BE2E27AD336B00200BF9 /* Sources */ = {
			isa = PBXSourcesBuildPhase;
			buildActionMask = 2147483647;
			files = (
				3741BE3727AD336B00200BF9 /* GHFollowersTests.swift in Sources */,
			);
			runOnlyForDeploymentPostprocessing = 0;
		};
		3741BE3827AD336B00200BF9 /* Sources */ = {
			isa = PBXSourcesBuildPhase;
			buildActionMask = 2147483647;
			files = (
				3741BE4127AD336B00200BF9 /* GHFollowersUITests.swift in Sources */,
				3741BE4327AD336B00200BF9 /* GHFollowersUITestsLaunchTests.swift in Sources */,
			);
			runOnlyForDeploymentPostprocessing = 0;
		};
/* End PBXSourcesBuildPhase section */

/* Begin PBXTargetDependency section */
		3741BE3427AD336B00200BF9 /* PBXTargetDependency */ = {
			isa = PBXTargetDependency;
			target = 3741BE1B27AD336A00200BF9 /* GHFollowers */;
			targetProxy = 3741BE3327AD336B00200BF9 /* PBXContainerItemProxy */;
		};
		3741BE3E27AD336B00200BF9 /* PBXTargetDependency */ = {
			isa = PBXTargetDependency;
			target = 3741BE1B27AD336A00200BF9 /* GHFollowers */;
			targetProxy = 3741BE3D27AD336B00200BF9 /* PBXContainerItemProxy */;
		};
/* End PBXTargetDependency section */

/* Begin PBXVariantGroup section */
		3741BE2A27AD336B00200BF9 /* LaunchScreen.storyboard */ = {
			isa = PBXVariantGroup;
			children = (
				3741BE2B27AD336B00200BF9 /* Base */,
			);
			name = LaunchScreen.storyboard;
			sourceTree = "<group>";
		};
		37F86E3827B110E600E8A0CD /* Localizable.strings */ = {
			isa = PBXVariantGroup;
			children = (
				37F86E3727B110E600E8A0CD /* en */,
			);
			name = Localizable.strings;
			sourceTree = "<group>";
		};
/* End PBXVariantGroup section */

/* Begin XCBuildConfiguration section */
		3741BE4427AD336B00200BF9 /* Debug */ = {
			isa = XCBuildConfiguration;
			buildSettings = {
				ALWAYS_SEARCH_USER_PATHS = NO;
				CLANG_ANALYZER_NONNULL = YES;
				CLANG_ANALYZER_NUMBER_OBJECT_CONVERSION = YES_AGGRESSIVE;
				CLANG_CXX_LANGUAGE_STANDARD = "gnu++17";
				CLANG_CXX_LIBRARY = "libc++";
				CLANG_ENABLE_MODULES = YES;
				CLANG_ENABLE_OBJC_ARC = YES;
				CLANG_ENABLE_OBJC_WEAK = YES;
				CLANG_WARN_BLOCK_CAPTURE_AUTORELEASING = YES;
				CLANG_WARN_BOOL_CONVERSION = YES;
				CLANG_WARN_COMMA = YES;
				CLANG_WARN_CONSTANT_CONVERSION = YES;
				CLANG_WARN_DEPRECATED_OBJC_IMPLEMENTATIONS = YES;
				CLANG_WARN_DIRECT_OBJC_ISA_USAGE = YES_ERROR;
				CLANG_WARN_DOCUMENTATION_COMMENTS = YES;
				CLANG_WARN_EMPTY_BODY = YES;
				CLANG_WARN_ENUM_CONVERSION = YES;
				CLANG_WARN_INFINITE_RECURSION = YES;
				CLANG_WARN_INT_CONVERSION = YES;
				CLANG_WARN_NON_LITERAL_NULL_CONVERSION = YES;
				CLANG_WARN_OBJC_IMPLICIT_RETAIN_SELF = YES;
				CLANG_WARN_OBJC_LITERAL_CONVERSION = YES;
				CLANG_WARN_OBJC_ROOT_CLASS = YES_ERROR;
				CLANG_WARN_QUOTED_INCLUDE_IN_FRAMEWORK_HEADER = YES;
				CLANG_WARN_RANGE_LOOP_ANALYSIS = YES;
				CLANG_WARN_STRICT_PROTOTYPES = YES;
				CLANG_WARN_SUSPICIOUS_MOVE = YES;
				CLANG_WARN_UNGUARDED_AVAILABILITY = YES_AGGRESSIVE;
				CLANG_WARN_UNREACHABLE_CODE = YES;
				CLANG_WARN__DUPLICATE_METHOD_MATCH = YES;
				COPY_PHASE_STRIP = NO;
				DEBUG_INFORMATION_FORMAT = dwarf;
				ENABLE_STRICT_OBJC_MSGSEND = YES;
				ENABLE_TESTABILITY = YES;
				GCC_C_LANGUAGE_STANDARD = gnu11;
				GCC_DYNAMIC_NO_PIC = NO;
				GCC_NO_COMMON_BLOCKS = YES;
				GCC_OPTIMIZATION_LEVEL = 0;
				GCC_PREPROCESSOR_DEFINITIONS = (
					"DEBUG=1",
					"$(inherited)",
				);
				GCC_WARN_64_TO_32_BIT_CONVERSION = YES;
				GCC_WARN_ABOUT_RETURN_TYPE = YES_ERROR;
				GCC_WARN_UNDECLARED_SELECTOR = YES;
				GCC_WARN_UNINITIALIZED_AUTOS = YES_AGGRESSIVE;
				GCC_WARN_UNUSED_FUNCTION = YES;
				GCC_WARN_UNUSED_VARIABLE = YES;
				IPHONEOS_DEPLOYMENT_TARGET = 13.0;
				MTL_ENABLE_DEBUG_INFO = INCLUDE_SOURCE;
				MTL_FAST_MATH = YES;
				ONLY_ACTIVE_ARCH = YES;
				SDKROOT = iphoneos;
				SWIFT_ACTIVE_COMPILATION_CONDITIONS = DEBUG;
				SWIFT_OPTIMIZATION_LEVEL = "-Onone";
			};
			name = Debug;
		};
		3741BE4527AD336B00200BF9 /* Release */ = {
			isa = XCBuildConfiguration;
			buildSettings = {
				ALWAYS_SEARCH_USER_PATHS = NO;
				CLANG_ANALYZER_NONNULL = YES;
				CLANG_ANALYZER_NUMBER_OBJECT_CONVERSION = YES_AGGRESSIVE;
				CLANG_CXX_LANGUAGE_STANDARD = "gnu++17";
				CLANG_CXX_LIBRARY = "libc++";
				CLANG_ENABLE_MODULES = YES;
				CLANG_ENABLE_OBJC_ARC = YES;
				CLANG_ENABLE_OBJC_WEAK = YES;
				CLANG_WARN_BLOCK_CAPTURE_AUTORELEASING = YES;
				CLANG_WARN_BOOL_CONVERSION = YES;
				CLANG_WARN_COMMA = YES;
				CLANG_WARN_CONSTANT_CONVERSION = YES;
				CLANG_WARN_DEPRECATED_OBJC_IMPLEMENTATIONS = YES;
				CLANG_WARN_DIRECT_OBJC_ISA_USAGE = YES_ERROR;
				CLANG_WARN_DOCUMENTATION_COMMENTS = YES;
				CLANG_WARN_EMPTY_BODY = YES;
				CLANG_WARN_ENUM_CONVERSION = YES;
				CLANG_WARN_INFINITE_RECURSION = YES;
				CLANG_WARN_INT_CONVERSION = YES;
				CLANG_WARN_NON_LITERAL_NULL_CONVERSION = YES;
				CLANG_WARN_OBJC_IMPLICIT_RETAIN_SELF = YES;
				CLANG_WARN_OBJC_LITERAL_CONVERSION = YES;
				CLANG_WARN_OBJC_ROOT_CLASS = YES_ERROR;
				CLANG_WARN_QUOTED_INCLUDE_IN_FRAMEWORK_HEADER = YES;
				CLANG_WARN_RANGE_LOOP_ANALYSIS = YES;
				CLANG_WARN_STRICT_PROTOTYPES = YES;
				CLANG_WARN_SUSPICIOUS_MOVE = YES;
				CLANG_WARN_UNGUARDED_AVAILABILITY = YES_AGGRESSIVE;
				CLANG_WARN_UNREACHABLE_CODE = YES;
				CLANG_WARN__DUPLICATE_METHOD_MATCH = YES;
				COPY_PHASE_STRIP = NO;
				DEBUG_INFORMATION_FORMAT = "dwarf-with-dsym";
				ENABLE_NS_ASSERTIONS = NO;
				ENABLE_STRICT_OBJC_MSGSEND = YES;
				GCC_C_LANGUAGE_STANDARD = gnu11;
				GCC_NO_COMMON_BLOCKS = YES;
				GCC_WARN_64_TO_32_BIT_CONVERSION = YES;
				GCC_WARN_ABOUT_RETURN_TYPE = YES_ERROR;
				GCC_WARN_UNDECLARED_SELECTOR = YES;
				GCC_WARN_UNINITIALIZED_AUTOS = YES_AGGRESSIVE;
				GCC_WARN_UNUSED_FUNCTION = YES;
				GCC_WARN_UNUSED_VARIABLE = YES;
				IPHONEOS_DEPLOYMENT_TARGET = 13.0;
				MTL_ENABLE_DEBUG_INFO = NO;
				MTL_FAST_MATH = YES;
				SDKROOT = iphoneos;
				SWIFT_COMPILATION_MODE = wholemodule;
				SWIFT_OPTIMIZATION_LEVEL = "-O";
				VALIDATE_PRODUCT = YES;
			};
			name = Release;
		};
		3741BE4727AD336B00200BF9 /* Debug */ = {
			isa = XCBuildConfiguration;
			buildSettings = {
				ASSETCATALOG_COMPILER_APPICON_NAME = AppIcon;
				ASSETCATALOG_COMPILER_GLOBAL_ACCENT_COLOR_NAME = AccentColor;
				CODE_SIGN_STYLE = Automatic;
				CURRENT_PROJECT_VERSION = 1;
				DEVELOPMENT_TEAM = 6BZ45VV3SM;
				GENERATE_INFOPLIST_FILE = YES;
				INFOPLIST_FILE = GHFollowers/Info.plist;
				INFOPLIST_KEY_UIApplicationSupportsIndirectInputEvents = YES;
				INFOPLIST_KEY_UILaunchStoryboardName = LaunchScreen;
				INFOPLIST_KEY_UISupportedInterfaceOrientations_iPad = "UIInterfaceOrientationPortrait UIInterfaceOrientationPortraitUpsideDown UIInterfaceOrientationLandscapeLeft UIInterfaceOrientationLandscapeRight";
				INFOPLIST_KEY_UISupportedInterfaceOrientations_iPhone = "UIInterfaceOrientationPortrait UIInterfaceOrientationLandscapeLeft UIInterfaceOrientationLandscapeRight";
				LD_RUNPATH_SEARCH_PATHS = (
					"$(inherited)",
					"@executable_path/Frameworks",
				);
				MARKETING_VERSION = 1.0;
				PRODUCT_BUNDLE_IDENTIFIER = adamcseke.GHFollowers;
				PRODUCT_NAME = "$(TARGET_NAME)";
				SWIFT_EMIT_LOC_STRINGS = YES;
				SWIFT_VERSION = 5.0;
				TARGETED_DEVICE_FAMILY = 1;
			};
			name = Debug;
		};
		3741BE4827AD336B00200BF9 /* Release */ = {
			isa = XCBuildConfiguration;
			buildSettings = {
				ASSETCATALOG_COMPILER_APPICON_NAME = AppIcon;
				ASSETCATALOG_COMPILER_GLOBAL_ACCENT_COLOR_NAME = AccentColor;
				CODE_SIGN_STYLE = Automatic;
				CURRENT_PROJECT_VERSION = 1;
				DEVELOPMENT_TEAM = 6BZ45VV3SM;
				GENERATE_INFOPLIST_FILE = YES;
				INFOPLIST_FILE = GHFollowers/Info.plist;
				INFOPLIST_KEY_UIApplicationSupportsIndirectInputEvents = YES;
				INFOPLIST_KEY_UILaunchStoryboardName = LaunchScreen;
				INFOPLIST_KEY_UISupportedInterfaceOrientations_iPad = "UIInterfaceOrientationPortrait UIInterfaceOrientationPortraitUpsideDown UIInterfaceOrientationLandscapeLeft UIInterfaceOrientationLandscapeRight";
				INFOPLIST_KEY_UISupportedInterfaceOrientations_iPhone = "UIInterfaceOrientationPortrait UIInterfaceOrientationLandscapeLeft UIInterfaceOrientationLandscapeRight";
				LD_RUNPATH_SEARCH_PATHS = (
					"$(inherited)",
					"@executable_path/Frameworks",
				);
				MARKETING_VERSION = 1.0;
				PRODUCT_BUNDLE_IDENTIFIER = adamcseke.GHFollowers;
				PRODUCT_NAME = "$(TARGET_NAME)";
				SWIFT_EMIT_LOC_STRINGS = YES;
				SWIFT_VERSION = 5.0;
				TARGETED_DEVICE_FAMILY = 1;
			};
			name = Release;
		};
		3741BE4A27AD336B00200BF9 /* Debug */ = {
			isa = XCBuildConfiguration;
			buildSettings = {
				ALWAYS_EMBED_SWIFT_STANDARD_LIBRARIES = YES;
				BUNDLE_LOADER = "$(TEST_HOST)";
				CODE_SIGN_STYLE = Automatic;
				CURRENT_PROJECT_VERSION = 1;
				DEVELOPMENT_TEAM = 6BZ45VV3SM;
				GENERATE_INFOPLIST_FILE = YES;
				IPHONEOS_DEPLOYMENT_TARGET = 15.2;
				MARKETING_VERSION = 1.0;
				PRODUCT_BUNDLE_IDENTIFIER = adamcseke.GHFollowersTests;
				PRODUCT_NAME = "$(TARGET_NAME)";
				SWIFT_EMIT_LOC_STRINGS = NO;
				SWIFT_VERSION = 5.0;
				TARGETED_DEVICE_FAMILY = "1,2";
				TEST_HOST = "$(BUILT_PRODUCTS_DIR)/GHFollowers.app/GHFollowers";
			};
			name = Debug;
		};
		3741BE4B27AD336B00200BF9 /* Release */ = {
			isa = XCBuildConfiguration;
			buildSettings = {
				ALWAYS_EMBED_SWIFT_STANDARD_LIBRARIES = YES;
				BUNDLE_LOADER = "$(TEST_HOST)";
				CODE_SIGN_STYLE = Automatic;
				CURRENT_PROJECT_VERSION = 1;
				DEVELOPMENT_TEAM = 6BZ45VV3SM;
				GENERATE_INFOPLIST_FILE = YES;
				IPHONEOS_DEPLOYMENT_TARGET = 15.2;
				MARKETING_VERSION = 1.0;
				PRODUCT_BUNDLE_IDENTIFIER = adamcseke.GHFollowersTests;
				PRODUCT_NAME = "$(TARGET_NAME)";
				SWIFT_EMIT_LOC_STRINGS = NO;
				SWIFT_VERSION = 5.0;
				TARGETED_DEVICE_FAMILY = "1,2";
				TEST_HOST = "$(BUILT_PRODUCTS_DIR)/GHFollowers.app/GHFollowers";
			};
			name = Release;
		};
		3741BE4D27AD336B00200BF9 /* Debug */ = {
			isa = XCBuildConfiguration;
			buildSettings = {
				ALWAYS_EMBED_SWIFT_STANDARD_LIBRARIES = YES;
				CODE_SIGN_STYLE = Automatic;
				CURRENT_PROJECT_VERSION = 1;
				DEVELOPMENT_TEAM = 6BZ45VV3SM;
				GENERATE_INFOPLIST_FILE = YES;
				MARKETING_VERSION = 1.0;
				PRODUCT_BUNDLE_IDENTIFIER = adamcseke.GHFollowersUITests;
				PRODUCT_NAME = "$(TARGET_NAME)";
				SWIFT_EMIT_LOC_STRINGS = NO;
				SWIFT_VERSION = 5.0;
				TARGETED_DEVICE_FAMILY = "1,2";
				TEST_TARGET_NAME = GHFollowers;
			};
			name = Debug;
		};
		3741BE4E27AD336B00200BF9 /* Release */ = {
			isa = XCBuildConfiguration;
			buildSettings = {
				ALWAYS_EMBED_SWIFT_STANDARD_LIBRARIES = YES;
				CODE_SIGN_STYLE = Automatic;
				CURRENT_PROJECT_VERSION = 1;
				DEVELOPMENT_TEAM = 6BZ45VV3SM;
				GENERATE_INFOPLIST_FILE = YES;
				MARKETING_VERSION = 1.0;
				PRODUCT_BUNDLE_IDENTIFIER = adamcseke.GHFollowersUITests;
				PRODUCT_NAME = "$(TARGET_NAME)";
				SWIFT_EMIT_LOC_STRINGS = NO;
				SWIFT_VERSION = 5.0;
				TARGETED_DEVICE_FAMILY = "1,2";
				TEST_TARGET_NAME = GHFollowers;
			};
			name = Release;
		};
/* End XCBuildConfiguration section */

/* Begin XCConfigurationList section */
		3741BE1727AD336A00200BF9 /* Build configuration list for PBXProject "GHFollowers" */ = {
			isa = XCConfigurationList;
			buildConfigurations = (
				3741BE4427AD336B00200BF9 /* Debug */,
				3741BE4527AD336B00200BF9 /* Release */,
			);
			defaultConfigurationIsVisible = 0;
			defaultConfigurationName = Release;
		};
		3741BE4627AD336B00200BF9 /* Build configuration list for PBXNativeTarget "GHFollowers" */ = {
			isa = XCConfigurationList;
			buildConfigurations = (
				3741BE4727AD336B00200BF9 /* Debug */,
				3741BE4827AD336B00200BF9 /* Release */,
			);
			defaultConfigurationIsVisible = 0;
			defaultConfigurationName = Release;
		};
		3741BE4927AD336B00200BF9 /* Build configuration list for PBXNativeTarget "GHFollowersTests" */ = {
			isa = XCConfigurationList;
			buildConfigurations = (
				3741BE4A27AD336B00200BF9 /* Debug */,
				3741BE4B27AD336B00200BF9 /* Release */,
			);
			defaultConfigurationIsVisible = 0;
			defaultConfigurationName = Release;
		};
		3741BE4C27AD336B00200BF9 /* Build configuration list for PBXNativeTarget "GHFollowersUITests" */ = {
			isa = XCConfigurationList;
			buildConfigurations = (
				3741BE4D27AD336B00200BF9 /* Debug */,
				3741BE4E27AD336B00200BF9 /* Release */,
			);
			defaultConfigurationIsVisible = 0;
			defaultConfigurationName = Release;
		};
/* End XCConfigurationList section */
	};
	rootObject = 3741BE1427AD336A00200BF9 /* Project object */;
}
